
Microsoft Visual Studio Solution File, Format Version 12.00
# Visual Studio Version 16
VisualStudioVersion = 16.0.30523.141
MinimumVisualStudioVersion = 10.0.40219.1
Project("{FAE04EC0-301F-11D3-BF4B-00C04F79EFBC}") = "Conversor", "Conversor\Conversor.csproj", "{FBB11930-B284-41BC-8D15-8AD76B453979}"
EndProject
Global
	GlobalSection(SolutionConfigurationPlatforms) = preSolution
		Debug|Any CPU = Debug|Any CPU
		Release|Any CPU = Release|Any CPU
	EndGlobalSection
	GlobalSection(ProjectConfigurationPlatforms) = postSolution
		{FBB11930-B284-41BC-8D15-8AD76B453979}.Debug|Any CPU.ActiveCfg = Debug|Any CPU
		{FBB11930-B284-41BC-8D15-8AD76B453979}.Debug|Any CPU.Build.0 = Debug|Any CPU
		{FBB11930-B284-41BC-8D15-8AD76B453979}.Release|Any CPU.ActiveCfg = Release|Any CPU
		{FBB11930-B284-41BC-8D15-8AD76B453979}.Release|Any CPU.Build.0 = Release|Any CPU
	EndGlobalSection
	GlobalSection(SolutionProperties) = preSolution
		HideSolutionNode = FALSE
	EndGlobalSection
	GlobalSection(ExtensibilityGlobals) = postSolution
		SolutionGuid = {4B63476F-6CEF-470B-AAD3-ED6A5E5D55A9}
	EndGlobalSection
EndGlobal
